// !$*UTF8*$!
{
	archiveVersion = 1;
	classes = {
	};
	objectVersion = 50;
	objects = {

/* Begin PBXBuildFile section */
		CA874B602511B9AE003617CB /* AppDelegate.swift in Sources */ = {isa = PBXBuildFile; fileRef = CA874B5F2511B9AE003617CB /* AppDelegate.swift */; };
		CA874B622511B9AE003617CB /* SceneDelegate.swift in Sources */ = {isa = PBXBuildFile; fileRef = CA874B612511B9AE003617CB /* SceneDelegate.swift */; };
		CA874B642511B9AE003617CB /* ViewController.swift in Sources */ = {isa = PBXBuildFile; fileRef = CA874B632511B9AE003617CB /* ViewController.swift */; };
		CA874B672511B9AE003617CB /* Main.storyboard in Resources */ = {isa = PBXBuildFile; fileRef = CA874B652511B9AE003617CB /* Main.storyboard */; };
		CA874B692511B9B0003617CB /* Assets.xcassets in Resources */ = {isa = PBXBuildFile; fileRef = CA874B682511B9B0003617CB /* Assets.xcassets */; };
		CA874B6C2511B9B0003617CB /* LaunchScreen.storyboard in Resources */ = {isa = PBXBuildFile; fileRef = CA874B6A2511B9B0003617CB /* LaunchScreen.storyboard */; };
/* End PBXBuildFile section */

/* Begin PBXFileReference section */
		CA874B5C2511B9AE003617CB /* desafioCadastroLogin.app */ = {isa = PBXFileReference; explicitFileType = wrapper.application; includeInIndex = 0; path = desafioCadastroLogin.app; sourceTree = BUILT_PRODUCTS_DIR; };
		CA874B5F2511B9AE003617CB /* AppDelegate.swift */ = {isa = PBXFileReference; lastKnownFileType = sourcecode.swift; path = AppDelegate.swift; sourceTree = "<group>"; };
		CA874B612511B9AE003617CB /* SceneDelegate.swift */ = {isa = PBXFileReference; lastKnownFileType = sourcecode.swift; path = SceneDelegate.swift; sourceTree = "<group>"; };
		CA874B632511B9AE003617CB /* ViewController.swift */ = {isa = PBXFileReference; lastKnownFileType = sourcecode.swift; path = ViewController.swift; sourceTree = "<group>"; };
		CA874B662511B9AE003617CB /* Base */ = {isa = PBXFileReference; lastKnownFileType = file.storyboard; name = Base; path = Base.lproj/Main.storyboard; sourceTree = "<group>"; };
		CA874B682511B9B0003617CB /* Assets.xcassets */ = {isa = PBXFileReference; lastKnownFileType = folder.assetcatalog; path = Assets.xcassets; sourceTree = "<group>"; };
		CA874B6B2511B9B0003617CB /* Base */ = {isa = PBXFileReference; lastKnownFileType = file.storyboard; name = Base; path = Base.lproj/LaunchScreen.storyboard; sourceTree = "<group>"; };
		CA874B6D2511B9B0003617CB /* Info.plist */ = {isa = PBXFileReference; lastKnownFileType = text.plist.xml; path = Info.plist; sourceTree = "<group>"; };
/* End PBXFileReference section */

/* Begin PBXFrameworksBuildPhase section */
		CA874B592511B9AD003617CB /* Frameworks */ = {
			isa = PBXFrameworksBuildPhase;
			buildActionMask = 2147483647;
			files = (
			);
			runOnlyForDeploymentPostprocessing = 0;
		};
/* End PBXFrameworksBuildPhase section */

/* Begin PBXGroup section */
		CA874B532511B9AD003617CB = {
			isa = PBXGroup;
			children = (
				CA874B5E2511B9AE003617CB /* desafioCadastroLogin */,
				CA874B5D2511B9AE003617CB /* Products */,
			);
			sourceTree = "<group>";
		};
		CA874B5D2511B9AE003617CB /* Products */ = {
			isa = PBXGroup;
			children = (
				CA874B5C2511B9AE003617CB /* desafioCadastroLogin.app */,
			);
			name = Products;
			sourceTree = "<group>";
		};
		CA874B5E2511B9AE003617CB /* desafioCadastroLogin */ = {
			isa = PBXGroup;
			children = (
				CA874B5F2511B9AE003617CB /* AppDelegate.swift */,
				CA874B612511B9AE003617CB /* SceneDelegate.swift */,
				CA874B632511B9AE003617CB /* ViewController.swift */,
				CA874B652511B9AE003617CB /* Main.storyboard */,
				CA874B682511B9B0003617CB /* Assets.xcassets */,
				CA874B6A2511B9B0003617CB /* LaunchScreen.storyboard */,
				CA874B6D2511B9B0003617CB /* Info.plist */,
			);
			path = desafioCadastroLogin;
			sourceTree = "<group>";
		};
/* End PBXGroup section */

/* Begin PBXNativeTarget section */
		CA874B5B2511B9AD003617CB /* desafioCadastroLogin */ = {
			isa = PBXNativeTarget;
			buildConfigurationList = CA874B702511B9B0003617CB /* Build configuration list for PBXNativeTarget "desafioCadastroLogin" */;
			buildPhases = (
				CA874B582511B9AD003617CB /* Sources */,
				CA874B592511B9AD003617CB /* Frameworks */,
				CA874B5A2511B9AD003617CB /* Resources */,
			);
			buildRules = (
			);
			dependencies = (
			);
			name = desafioCadastroLogin;
			productName = desafioCadastroLogin;
			productReference = CA874B5C2511B9AE003617CB /* desafioCadastroLogin.app */;
			productType = "com.apple.product-type.application";
		};
/* End PBXNativeTarget section */

/* Begin PBXProject section */
		CA874B542511B9AD003617CB /* Project object */ = {
			isa = PBXProject;
			attributes = {
				LastSwiftUpdateCheck = 1170;
				LastUpgradeCheck = 1170;
				ORGANIZATIONNAME = "Cesar A. Tavares";
				TargetAttributes = {
					CA874B5B2511B9AD003617CB = {
						CreatedOnToolsVersion = 11.7;
					};
				};
			};
			buildConfigurationList = CA874B572511B9AD003617CB /* Build configuration list for PBXProject "desafioCadastroLogin" */;
			compatibilityVersion = "Xcode 9.3";
			developmentRegion = en;
			hasScannedForEncodings = 0;
			knownRegions = (
				en,
				Base,
			);
			mainGroup = CA874B532511B9AD003617CB;
			productRefGroup = CA874B5D2511B9AE003617CB /* Products */;
			projectDirPath = "";
			projectRoot = "";
			targets = (
				CA874B5B2511B9AD003617CB /* desafioCadastroLogin */,
			);
		};
/* End PBXProject section */

/* Begin PBXResourcesBuildPhase section */
		CA874B5A2511B9AD003617CB /* Resources */ = {
			isa = PBXResourcesBuildPhase;
			buildActionMask = 2147483647;
			files = (
				CA874B6C2511B9B0003617CB /* LaunchScreen.storyboard in Resources */,
				CA874B692511B9B0003617CB /* Assets.xcassets in Resources */,
				CA874B672511B9AE003617CB /* Main.storyboard in Resources */,
			);
			runOnlyForDeploymentPostprocessing = 0;
		};
/* End PBXResourcesBuildPhase section */

/* Begin PBXSourcesBuildPhase section */
		CA874B582511B9AD003617CB /* Sources */ = {
			isa = PBXSourcesBuildPhase;
			buildActionMask = 2147483647;
			files = (
				CA874B642511B9AE003617CB /* ViewController.swift in Sources */,
				CA874B602511B9AE003617CB /* AppDelegate.swift in Sources */,
				CA874B622511B9AE003617CB /* SceneDelegate.swift in Sources */,
			);
			runOnlyForDeploymentPostprocessing = 0;
		};
/* End PBXSourcesBuildPhase section */

/* Begin PBXVariantGroup section */
		CA874B652511B9AE003617CB /* Main.storyboard */ = {
			isa = PBXVariantGroup;
			children = (
				CA874B662511B9AE003617CB /* Base */,
			);
			name = Main.storyboard;
			sourceTree = "<group>";
		};
		CA874B6A2511B9B0003617CB /* LaunchScreen.storyboard */ = {
			isa = PBXVariantGroup;
			children = (
				CA874B6B2511B9B0003617CB /* Base */,
			);
			name = LaunchScreen.storyboard;
			sourceTree = "<group>";
		};
/* End PBXVariantGroup section */

/* Begin XCBuildConfiguration section */
		CA874B6E2511B9B0003617CB /* Debug */ = {
			isa = XCBuildConfiguration;
			buildSettings = {
				ALWAYS_SEARCH_USER_PATHS = NO;
				CLANG_ANALYZER_NONNULL = YES;
				CLANG_ANALYZER_NUMBER_OBJECT_CONVERSION = YES_AGGRESSIVE;
				CLANG_CXX_LANGUAGE_STANDARD = "gnu++14";
				CLANG_CXX_LIBRARY = "libc++";
				CLANG_ENABLE_MODULES = YES;
				CLANG_ENABLE_OBJC_ARC = YES;
				CLANG_ENABLE_OBJC_WEAK = YES;
				CLANG_WARN_BLOCK_CAPTURE_AUTORELEASING = YES;
				CLANG_WARN_BOOL_CONVERSION = YES;
				CLANG_WARN_COMMA = YES;
				CLANG_WARN_CONSTANT_CONVERSION = YES;
				CLANG_WARN_DEPRECATED_OBJC_IMPLEMENTATIONS = YES;
				CLANG_WARN_DIRECT_OBJC_ISA_USAGE = YES_ERROR;
				CLANG_WARN_DOCUMENTATION_COMMENTS = YES;
				CLANG_WARN_EMPTY_BODY = YES;
				CLANG_WARN_ENUM_CONVERSION = YES;
				CLANG_WARN_INFINITE_RECURSION = YES;
				CLANG_WARN_INT_CONVERSION = YES;
				CLANG_WARN_NON_LITERAL_NULL_CONVERSION = YES;
				CLANG_WARN_OBJC_IMPLICIT_RETAIN_SELF = YES;
				CLANG_WARN_OBJC_LITERAL_CONVERSION = YES;
				CLANG_WARN_OBJC_ROOT_CLASS = YES_ERROR;
				CLANG_WARN_RANGE_LOOP_ANALYSIS = YES;
				CLANG_WARN_STRICT_PROTOTYPES = YES;
				CLANG_WARN_SUSPICIOUS_MOVE = YES;
				CLANG_WARN_UNGUARDED_AVAILABILITY = YES_AGGRESSIVE;
				CLANG_WARN_UNREACHABLE_CODE = YES;
				CLANG_WARN__DUPLICATE_METHOD_MATCH = YES;
				COPY_PHASE_STRIP = NO;
				DEBUG_INFORMATION_FORMAT = dwarf;
				ENABLE_STRICT_OBJC_MSGSEND = YES;
				ENABLE_TESTABILITY = YES;
				GCC_C_LANGUAGE_STANDARD = gnu11;
				GCC_DYNAMIC_NO_PIC = NO;
				GCC_NO_COMMON_BLOCKS = YES;
				GCC_OPTIMIZATION_LEVEL = 0;
				GCC_PREPROCESSOR_DEFINITIONS = (
					"DEBUG=1",
					"$(inherited)",
				);
				GCC_WARN_64_TO_32_BIT_CONVERSION = YES;
				GCC_WARN_ABOUT_RETURN_TYPE = YES_ERROR;
				GCC_WARN_UNDECLARED_SELECTOR = YES;
				GCC_WARN_UNINITIALIZED_AUTOS = YES_AGGRESSIVE;
				GCC_WARN_UNUSED_FUNCTION = YES;
				GCC_WARN_UNUSED_VARIABLE = YES;
				IPHONEOS_DEPLOYMENT_TARGET = 13.7;
				MTL_ENABLE_DEBUG_INFO = INCLUDE_SOURCE;
				MTL_FAST_MATH = YES;
				ONLY_ACTIVE_ARCH = YES;
				SDKROOT = iphoneos;
				SWIFT_ACTIVE_COMPILATION_CONDITIONS = DEBUG;
				SWIFT_OPTIMIZATION_LEVEL = "-Onone";
			};
			name = Debug;
		};
		CA874B6F2511B9B0003617CB /* Release */ = {
			isa = XCBuildConfiguration;
			buildSettings = {
				ALWAYS_SEARCH_USER_PATHS = NO;
				CLANG_ANALYZER_NONNULL = YES;
				CLANG_ANALYZER_NUMBER_OBJECT_CONVERSION = YES_AGGRESSIVE;
				CLANG_CXX_LANGUAGE_STANDARD = "gnu++14";
				CLANG_CXX_LIBRARY = "libc++";
				CLANG_ENABLE_MODULES = YES;
				CLANG_ENABLE_OBJC_ARC = YES;
				CLANG_ENABLE_OBJC_WEAK = YES;
				CLANG_WARN_BLOCK_CAPTURE_AUTORELEASING = YES;
				CLANG_WARN_BOOL_CONVERSION = YES;
				CLANG_WARN_COMMA = YES;
				CLANG_WARN_CONSTANT_CONVERSION = YES;
				CLANG_WARN_DEPRECATED_OBJC_IMPLEMENTATIONS = YES;
				CLANG_WARN_DIRECT_OBJC_ISA_USAGE = YES_ERROR;
				CLANG_WARN_DOCUMENTATION_COMMENTS = YES;
				CLANG_WARN_EMPTY_BODY = YES;
				CLANG_WARN_ENUM_CONVERSION = YES;
				CLANG_WARN_INFINITE_RECURSION = YES;
				CLANG_WARN_INT_CONVERSION = YES;
				CLANG_WARN_NON_LITERAL_NULL_CONVERSION = YES;
				CLANG_WARN_OBJC_IMPLICIT_RETAIN_SELF = YES;
				CLANG_WARN_OBJC_LITERAL_CONVERSION = YES;
				CLANG_WARN_OBJC_ROOT_CLASS = YES_ERROR;
				CLANG_WARN_RANGE_LOOP_ANALYSIS = YES;
				CLANG_WARN_STRICT_PROTOTYPES = YES;
				CLANG_WARN_SUSPICIOUS_MOVE = YES;
				CLANG_WARN_UNGUARDED_AVAILABILITY = YES_AGGRESSIVE;
				CLANG_WARN_UNREACHABLE_CODE = YES;
				CLANG_WARN__DUPLICATE_METHOD_MATCH = YES;
				COPY_PHASE_STRIP = NO;
				DEBUG_INFORMATION_FORMAT = "dwarf-with-dsym";
				ENABLE_NS_ASSERTIONS = NO;
				ENABLE_STRICT_OBJC_MSGSEND = YES;
				GCC_C_LANGUAGE_STANDARD = gnu11;
				GCC_NO_COMMON_BLOCKS = YES;
				GCC_WARN_64_TO_32_BIT_CONVERSION = YES;
				GCC_WARN_ABOUT_RETURN_TYPE = YES_ERROR;
				GCC_WARN_UNDECLARED_SELECTOR = YES;
				GCC_WARN_UNINITIALIZED_AUTOS = YES_AGGRESSIVE;
				GCC_WARN_UNUSED_FUNCTION = YES;
				GCC_WARN_UNUSED_VARIABLE = YES;
				IPHONEOS_DEPLOYMENT_TARGET = 13.7;
				MTL_ENABLE_DEBUG_INFO = NO;
				MTL_FAST_MATH = YES;
				SDKROOT = iphoneos;
				SWIFT_COMPILATION_MODE = wholemodule;
				SWIFT_OPTIMIZATION_LEVEL = "-O";
				VALIDATE_PRODUCT = YES;
			};
			name = Release;
		};
		CA874B712511B9B0003617CB /* Debug */ = {
			isa = XCBuildConfiguration;
			buildSettings = {
				ASSETCATALOG_COMPILER_APPICON_NAME = AppIcon;
				CODE_SIGN_STYLE = Automatic;
				DEVELOPMENT_TEAM = 7QQ8S647LF;
				INFOPLIST_FILE = desafioCadastroLogin/Info.plist;
				LD_RUNPATH_SEARCH_PATHS = (
					"$(inherited)",
					"@executable_path/Frameworks",
				);
				PRODUCT_BUNDLE_IDENTIFIER = com.cetava.desafioCadastroLogin;
				PRODUCT_NAME = "$(TARGET_NAME)";
				SWIFT_VERSION = 5.0;
				TARGETED_DEVICE_FAMILY = "1,2";
			};
			name = Debug;
		};
		CA874B722511B9B0003617CB /* Release */ = {
			isa = XCBuildConfiguration;
			buildSettings = {
				ASSETCATALOG_COMPILER_APPICON_NAME = AppIcon;
				CODE_SIGN_STYLE = Automatic;
				DEVELOPMENT_TEAM = 7QQ8S647LF;
				INFOPLIST_FILE = desafioCadastroLogin/Info.plist;
				LD_RUNPATH_SEARCH_PATHS = (
					"$(inherited)",
					"@executable_path/Frameworks",
				);
				PRODUCT_BUNDLE_IDENTIFIER = com.cetava.desafioCadastroLogin;
				PRODUCT_NAME = "$(TARGET_NAME)";
				SWIFT_VERSION = 5.0;
				TARGETED_DEVICE_FAMILY = "1,2";
			};
			name = Release;
		};
/* End XCBuildConfiguration section */

/* Begin XCConfigurationList section */
		CA874B572511B9AD003617CB /* Build configuration list for PBXProject "desafioCadastroLogin" */ = {
			isa = XCConfigurationList;
			buildConfigurations = (
				CA874B6E2511B9B0003617CB /* Debug */,
				CA874B6F2511B9B0003617CB /* Release */,
			);
			defaultConfigurationIsVisible = 0;
			defaultConfigurationName = Release;
		};
		CA874B702511B9B0003617CB /* Build configuration list for PBXNativeTarget "desafioCadastroLogin" */ = {
			isa = XCConfigurationList;
			buildConfigurations = (
				CA874B712511B9B0003617CB /* Debug */,
				CA874B722511B9B0003617CB /* Release */,
			);
			defaultConfigurationIsVisible = 0;
			defaultConfigurationName = Release;
		};
/* End XCConfigurationList section */
	};
	rootObject = CA874B542511B9AD003617CB /* Project object */;
}
